
Microsoft Visual Studio Solution File, Format Version 12.00
# Visual Studio Version 17
VisualStudioVersion = 17.0.32112.339
MinimumVisualStudioVersion = 10.0.40219.1
Project("{9A19103F-16F7-4668-BE54-9A1E7A4F7556}") = "Sufficit.Client", "src\Sufficit.Client.csproj", "{66BE5CA2-2081-43E7-9941-37F2565D8DC0}"
EndProject
Project("{9A19103F-16F7-4668-BE54-9A1E7A4F7556}") = "SufficitEndPoints", "..\sufficit-endpoints\src\SufficitEndPoints.csproj", "{D1B85701-CE65-4D6E-8642-191A92BC24A0}"
EndProject
Global
	GlobalSection(SolutionConfigurationPlatforms) = preSolution
		Debug|Any CPU = Debug|Any CPU
		Release|Any CPU = Release|Any CPU
	EndGlobalSection
	GlobalSection(ProjectConfigurationPlatforms) = postSolution
		{66BE5CA2-2081-43E7-9941-37F2565D8DC0}.Debug|Any CPU.ActiveCfg = Debug|Any CPU
		{66BE5CA2-2081-43E7-9941-37F2565D8DC0}.Debug|Any CPU.Build.0 = Debug|Any CPU
		{66BE5CA2-2081-43E7-9941-37F2565D8DC0}.Release|Any CPU.ActiveCfg = Release|Any CPU
		{66BE5CA2-2081-43E7-9941-37F2565D8DC0}.Release|Any CPU.Build.0 = Release|Any CPU
		{D1B85701-CE65-4D6E-8642-191A92BC24A0}.Debug|Any CPU.ActiveCfg = Debug|Any CPU
		{D1B85701-CE65-4D6E-8642-191A92BC24A0}.Debug|Any CPU.Build.0 = Debug|Any CPU
		{D1B85701-CE65-4D6E-8642-191A92BC24A0}.Release|Any CPU.ActiveCfg = Release|Any CPU
		{D1B85701-CE65-4D6E-8642-191A92BC24A0}.Release|Any CPU.Build.0 = Release|Any CPU
	EndGlobalSection
	GlobalSection(SolutionProperties) = preSolution
		HideSolutionNode = FALSE
	EndGlobalSection
	GlobalSection(ExtensibilityGlobals) = postSolution
		SolutionGuid = {C5F5DDF2-05C3-4E52-8F10-F6BBA0748D57}
	EndGlobalSection
EndGlobal
